{
  "name": "fcc-nightlife-app",
  "version": "0.0.0",
  "lockfileVersion": 1,
  "dependencies": {
    "accepts": {
      "version": "1.3.3",
      "resolved": "https://seacspa.pkgs.visualstudio.com/_packaging/Seac.Framework.Angular/npm/registry/accepts/-/accepts-1.3.3.tgz",
      "integrity": "sha1-w8p0NJOGSMPg2cHjKN1otiLChMo="
    },
    "ansi-regex": {
      "version": "https://seacspa.pkgs.visualstudio.com/_packaging/Seac.Framework.Angular/npm/registry/ansi-regex/-/ansi-regex-0.2.1.tgz",
      "integrity": "sha1-DY6UaWej2BQ/k+JOKYUl/BsiNfk="
    },
    "ansi-styles": {
      "version": "https://seacspa.pkgs.visualstudio.com/_packaging/Seac.Framework.Angular/npm/registry/ansi-styles/-/ansi-styles-1.1.0.tgz",
      "integrity": "sha1-6uy/Zs1waIJ2Cy9GkVgrj1XXp94="
    },
    "array-flatten": {
      "version": "1.1.1",
      "resolved": "https://seacspa.pkgs.visualstudio.com/_packaging/Seac.Framework.Angular/npm/registry/array-flatten/-/array-flatten-1.1.1.tgz",
      "integrity": "sha1-ml9pkFGx5wczKPKgCJaLZOopVdI="
    },
    "array-union": {
      "version": "https://seacspa.pkgs.visualstudio.com/_packaging/Seac.Framework.Angular/npm/registry/array-union/-/array-union-1.0.2.tgz",
      "integrity": "sha1-mjRBDk9OPaI96jdb5b5w8kd47Dk="
    },
    "array-uniq": {
      "version": "https://seacspa.pkgs.visualstudio.com/_packaging/Seac.Framework.Angular/npm/registry/array-uniq/-/array-uniq-1.0.3.tgz",
      "integrity": "sha1-r2rId6Jcx/dOBYiUdThY39sk/bY="
    },
    "arrify": {
      "version": "https://seacspa.pkgs.visualstudio.com/_packaging/Seac.Framework.Angular/npm/registry/arrify/-/arrify-1.0.1.tgz",
      "integrity": "sha1-iYUI2iIm84DfkEcoRWhJwVAaSw0="
    },
    "balanced-match": {
      "version": "https://seacspa.pkgs.visualstudio.com/_packaging/Seac.Framework.Angular/npm/registry/balanced-match/-/balanced-match-0.4.2.tgz",
      "integrity": "sha1-yz8+PHMtwPAe5wtAPzAuYddwmDg="
    },
    "basic-auth": {
      "version": "1.1.0",
      "resolved": "https://seacspa.pkgs.visualstudio.com/_packaging/Seac.Framework.Angular/npm/registry/basic-auth/-/basic-auth-1.1.0.tgz",
      "integrity": "sha1-RSIe5Cn37h5QNb4/UVM/HN/SmIQ="
    },
    "body-parser": {
      "version": "1.17.2",
      "resolved": "https://seacspa.pkgs.visualstudio.com/_packaging/Seac.Framework.Angular/npm/registry/body-parser/-/body-parser-1.17.2.tgz",
      "integrity": "sha1-+IkqvI+eYn1Crtr7yma/WrmRBO4="
    },
    "brace-expansion": {
      "version": "https://seacspa.pkgs.visualstudio.com/_packaging/Seac.Framework.Angular/npm/registry/brace-expansion/-/brace-expansion-1.1.7.tgz",
      "integrity": "sha1-Pv/DxQ4ABTH7cg6v+A8K6O8jz1k="
    },
    "bson": {
      "version": "1.0.4",
      "resolved": "https://seacspa.pkgs.visualstudio.com/_packaging/Seac.Framework.Angular/npm/registry/bson/-/bson-1.0.4.tgz",
      "integrity": "sha1-k8ENOeqltYQVy8QFLz5T5WKwtyw="
    },
    "buffer-shims": {
      "version": "https://seacspa.pkgs.visualstudio.com/_packaging/Seac.Framework.Angular/npm/registry/buffer-shims/-/buffer-shims-1.0.0.tgz",
      "integrity": "sha1-mXjOMXOIxkmth5MCjDR37wRKi1E="
    },
    "bytes": {
      "version": "2.4.0",
      "resolved": "https://seacspa.pkgs.visualstudio.com/_packaging/Seac.Framework.Angular/npm/registry/bytes/-/bytes-2.4.0.tgz",
      "integrity": "sha1-fZcZb51br39pNeJZhVSe3SpsIzk="
    },
    "chalk": {
      "version": "https://seacspa.pkgs.visualstudio.com/_packaging/Seac.Framework.Angular/npm/registry/chalk/-/chalk-0.5.1.tgz",
      "integrity": "sha1-Zjs6ZItotV0EaQ1JFnqoN4WPIXQ=",
      "dependencies": {
        "supports-color": {
          "version": "https://seacspa.pkgs.visualstudio.com/_packaging/Seac.Framework.Angular/npm/registry/supports-color/-/supports-color-0.2.0.tgz",
          "integrity": "sha1-2S3iaU6z9nMjlz1649i1W0wiGQo="
        }
      }
    },
    "commander": {
      "version": "https://seacspa.pkgs.visualstudio.com/_packaging/Seac.Framework.Angular/npm/registry/commander/-/commander-2.6.0.tgz",
      "integrity": "sha1-nfflL7Kgyw+4kFjugMMQQiXzfh0="
    },
    "concat-map": {
      "version": "https://seacspa.pkgs.visualstudio.com/_packaging/Seac.Framework.Angular/npm/registry/concat-map/-/concat-map-0.0.1.tgz",
      "integrity": "sha1-2Klr13/Wjfd5OnMDajug1UBdR3s="
    },
    "concurrently": {
      "version": "https://seacspa.pkgs.visualstudio.com/_packaging/Seac.Framework.Angular/npm/registry/concurrently/-/concurrently-3.4.0.tgz",
      "integrity": "sha1-YGYrPe/eBzdbrhmqwKt4DsdIunk="
    },
    "content-disposition": {
      "version": "0.5.2",
      "resolved": "https://seacspa.pkgs.visualstudio.com/_packaging/Seac.Framework.Angular/npm/registry/content-disposition/-/content-disposition-0.5.2.tgz",
      "integrity": "sha1-DPaLud318r55YcOoUXjLhdunjLQ="
    },
    "content-type": {
      "version": "1.0.2",
      "resolved": "https://seacspa.pkgs.visualstudio.com/_packaging/Seac.Framework.Angular/npm/registry/content-type/-/content-type-1.0.2.tgz",
      "integrity": "sha1-t9ETrueo3Se9IRM8TcJSnfFyHu0="
    },
    "cookie": {
      "version": "0.3.1",
      "resolved": "https://seacspa.pkgs.visualstudio.com/_packaging/Seac.Framework.Angular/npm/registry/cookie/-/cookie-0.3.1.tgz",
      "integrity": "sha1-5+Ch+e9DtMi6klxcWpboBtFoc7s="
    },
    "cookie-signature": {
      "version": "1.0.6",
      "resolved": "https://seacspa.pkgs.visualstudio.com/_packaging/Seac.Framework.Angular/npm/registry/cookie-signature/-/cookie-signature-1.0.6.tgz",
      "integrity": "sha1-4wOogrNCzD7oylE6eZmXNNqzriw="
    },
    "copy-newer": {
      "version": "https://seacspa.pkgs.visualstudio.com/_packaging/Seac.Framework.Angular/npm/registry/copy-newer/-/copy-newer-2.1.2.tgz",
      "integrity": "sha1-E2Ck/0YgtQk5eknC1Tn8iA1eJNk="
    },
    "core-util-is": {
      "version": "https://seacspa.pkgs.visualstudio.com/_packaging/Seac.Framework.Angular/npm/registry/core-util-is/-/core-util-is-1.0.2.tgz",
      "integrity": "sha1-tf1UIgqivFq1eqtxQMlAdUUDwac="
    },
    "cors": {
      "version": "2.8.3",
      "resolved": "https://seacspa.pkgs.visualstudio.com/_packaging/Seac.Framework.Angular/npm/registry/cors/-/cors-2.8.3.tgz",
      "integrity": "sha1-TPeOHSMymnSWsvwiJbd8pbteuAI="
    },
    "date-fns": {
      "version": "https://seacspa.pkgs.visualstudio.com/_packaging/Seac.Framework.Angular/npm/registry/date-fns/upstream/date-fns-1.28.5.tgz",
      "integrity": "sha1-JXz8RdMi30XvVlhmWWfuhBzXP68="
    },
    "debug": {
      "version": "2.6.7",
      "resolved": "https://seacspa.pkgs.visualstudio.com/_packaging/Seac.Framework.Angular/npm/registry/debug/-/debug-2.6.7.tgz",
      "integrity": "sha1-krrR9tBbu2u6Isyoi80OyJTChh4="
    },
    "depd": {
      "version": "1.1.0",
      "resolved": "https://seacspa.pkgs.visualstudio.com/_packaging/Seac.Framework.Angular/npm/registry/depd/-/depd-1.1.0.tgz",
      "integrity": "sha1-4b2Cxqq2ztlluXuIsX7T5SjKGMM="
    },
    "destroy": {
      "version": "1.0.4",
      "resolved": "https://seacspa.pkgs.visualstudio.com/_packaging/Seac.Framework.Angular/npm/registry/destroy/-/destroy-1.0.4.tgz",
      "integrity": "sha1-l4hXRCxEdJ5CBmE+N5RiBYJqvYA="
    },
    "ee-first": {
      "version": "1.1.1",
      "resolved": "https://seacspa.pkgs.visualstudio.com/_packaging/Seac.Framework.Angular/npm/registry/ee-first/-/ee-first-1.1.1.tgz",
      "integrity": "sha1-WQxhFWsK4vTwJVcyoViyZrxWsh0="
    },
    "encodeurl": {
      "version": "1.0.1",
      "resolved": "https://seacspa.pkgs.visualstudio.com/_packaging/Seac.Framework.Angular/npm/registry/encodeurl/-/encodeurl-1.0.1.tgz",
      "integrity": "sha1-eePVhlU0aQn+bw9Fpd5oEDspTSA="
    },
    "es6-promise": {
      "version": "3.2.1",
      "resolved": "https://seacspa.pkgs.visualstudio.com/_packaging/Seac.Framework.Angular/npm/registry/es6-promise/-/es6-promise-3.2.1.tgz",
      "integrity": "sha1-7FYjOGgDKQkgcXDDlEjiREndH8Q="
    },
    "escape-html": {
      "version": "1.0.3",
      "resolved": "https://seacspa.pkgs.visualstudio.com/_packaging/Seac.Framework.Angular/npm/registry/escape-html/-/escape-html-1.0.3.tgz",
      "integrity": "sha1-Aljq5NPQwJdN4cFpGI7wBR0dGYg="
    },
    "escape-string-regexp": {
      "version": "https://seacspa.pkgs.visualstudio.com/_packaging/Seac.Framework.Angular/npm/registry/escape-string-regexp/-/escape-string-regexp-1.0.5.tgz",
      "integrity": "sha1-G2HAViGQqN/2rjuyzwIAyhMLhtQ="
    },
    "etag": {
      "version": "1.8.0",
      "resolved": "https://seacspa.pkgs.visualstudio.com/_packaging/Seac.Framework.Angular/npm/registry/etag/-/etag-1.8.0.tgz",
      "integrity": "sha1-b2Ma7zNtbEY2K1F2QETOIWvjwFE="
    },
    "express": {
      "version": "4.15.3",
      "resolved": "https://seacspa.pkgs.visualstudio.com/_packaging/Seac.Framework.Angular/npm/registry/express/-/express-4.15.3.tgz",
      "integrity": "sha1-urZdDwOqgMNYQIly/HAPkWlEtmI="
    },
    "finalhandler": {
      "version": "1.0.3",
      "resolved": "https://seacspa.pkgs.visualstudio.com/_packaging/Seac.Framework.Angular/npm/registry/finalhandler/-/finalhandler-1.0.3.tgz",
      "integrity": "sha1-70fneVDpmXgOhgIqVg4yF+DQzIk="
    },
    "forwarded": {
      "version": "0.1.0",
      "resolved": "https://seacspa.pkgs.visualstudio.com/_packaging/Seac.Framework.Angular/npm/registry/forwarded/-/forwarded-0.1.0.tgz",
      "integrity": "sha1-Ge+YdMSuHCl7zweP3mOgm2aoQ2M="
    },
    "fresh": {
      "version": "0.5.0",
      "resolved": "https://seacspa.pkgs.visualstudio.com/_packaging/Seac.Framework.Angular/npm/registry/fresh/-/fresh-0.5.0.tgz",
      "integrity": "sha1-9HTKXmqSRtb9jglTz6m5yAWvp44="
    },
    "fs-write-stream-atomic": {
      "version": "https://seacspa.pkgs.visualstudio.com/_packaging/Seac.Framework.Angular/npm/registry/fs-write-stream-atomic/-/fs-write-stream-atomic-1.0.10.tgz",
      "integrity": "sha1-tH31NJPvkR33VzHnCp3tAYnbQMk="
    },
    "fs.realpath": {
      "version": "1.0.0",
      "resolved": "https://registry.npmjs.org/fs.realpath/-/fs.realpath-1.0.0.tgz",
      "integrity": "sha1-FQStJSMVjKpA20onh8sBQRmU6k8="
    },
    "glob": {
      "version": "https://seacspa.pkgs.visualstudio.com/_packaging/Seac.Framework.Angular/npm/registry/glob/-/glob-6.0.4.tgz",
      "integrity": "sha1-DwiGD2oVUSey+t1PnOJLGqtuTSI="
    },
    "globby": {
      "version": "https://seacspa.pkgs.visualstudio.com/_packaging/Seac.Framework.Angular/npm/registry/globby/-/globby-4.1.0.tgz",
      "integrity": "sha1-CA9UVJ7BuCpsYOYx/ILhIR2+lfg="
    },
    "graceful-fs": {
      "version": "https://seacspa.pkgs.visualstudio.com/_packaging/Seac.Framework.Angular/npm/registry/graceful-fs/-/graceful-fs-4.1.11.tgz",
      "integrity": "sha1-Dovf5NHduIVNZOBOp8AOKgJuVlg="
    },
    "has-ansi": {
      "version": "https://seacspa.pkgs.visualstudio.com/_packaging/Seac.Framework.Angular/npm/registry/has-ansi/-/has-ansi-0.1.0.tgz",
      "integrity": "sha1-hPJlqujA5qiKEtcCKJS3VoiUxi4="
    },
    "has-flag": {
      "version": "https://seacspa.pkgs.visualstudio.com/_packaging/Seac.Framework.Angular/npm/registry/has-flag/-/has-flag-1.0.0.tgz",
      "integrity": "sha1-nZ55MWXOAXoA8AQYxD+UKnsdEfo="
    },
    "http-errors": {
      "version": "1.6.1",
      "resolved": "https://seacspa.pkgs.visualstudio.com/_packaging/Seac.Framework.Angular/npm/registry/http-errors/-/http-errors-1.6.1.tgz",
      "integrity": "sha1-X4uO2YrKVFZWv1cplzh/kEpyIlc="
    },
    "iconv-lite": {
      "version": "0.4.15",
      "resolved": "https://seacspa.pkgs.visualstudio.com/_packaging/Seac.Framework.Angular/npm/registry/iconv-lite/-/iconv-lite-0.4.15.tgz",
      "integrity": "sha1-/iZaIYrGpXz+hUkn6dBMGYJe3es="
    },
    "iferr": {
      "version": "https://seacspa.pkgs.visualstudio.com/_packaging/Seac.Framework.Angular/npm/registry/iferr/-/iferr-0.1.5.tgz",
      "integrity": "sha1-xg7taebY/bazEEofy8ocGS3FtQE="
    },
    "imurmurhash": {
      "version": "https://seacspa.pkgs.visualstudio.com/_packaging/Seac.Framework.Angular/npm/registry/imurmurhash/-/imurmurhash-0.1.4.tgz",
      "integrity": "sha1-khi5srkoojixPcT7a21XbyMUU+o="
    },
    "inflight": {
      "version": "https://seacspa.pkgs.visualstudio.com/_packaging/Seac.Framework.Angular/npm/registry/inflight/-/inflight-1.0.6.tgz",
      "integrity": "sha1-Sb1jMdfQLQwJvJEKEHW6gWW1bfk="
    },
    "inherits": {
      "version": "https://seacspa.pkgs.visualstudio.com/_packaging/Seac.Framework.Angular/npm/registry/inherits/-/inherits-2.0.3.tgz",
      "integrity": "sha1-Yzwsg+PaQqUC9SRmAiSA9CCCYd4="
    },
    "inversify": {
      "version": "4.1.0",
      "resolved": "https://seacspa.pkgs.visualstudio.com/_packaging/Seac.Framework.Angular/npm/registry/inversify/-/inversify-4.1.0.tgz",
      "integrity": "sha1-4v75jr18dUhG1BmFf0EkMhJbTuk="
    },
    "inversify-express-utils": {
      "version": "3.5.1",
      "resolved": "https://seacspa.pkgs.visualstudio.com/_packaging/Seac.Framework.Angular/npm/registry/inversify-express-utils/-/inversify-express-utils-3.5.1.tgz",
      "integrity": "sha1-6fV2rx6fAU514J1FUpeh7LQHPtE="
    },
    "ipaddr.js": {
      "version": "1.3.0",
      "resolved": "https://seacspa.pkgs.visualstudio.com/_packaging/Seac.Framework.Angular/npm/registry/ipaddr.js/-/ipaddr.js-1.3.0.tgz",
      "integrity": "sha1-HgOlL9rYOou7KyXL9JmLTP/NPew="
    },
    "isarray": {
      "version": "https://seacspa.pkgs.visualstudio.com/_packaging/Seac.Framework.Angular/npm/registry/isarray/-/isarray-1.0.0.tgz",
      "integrity": "sha1-u5NdSFgsuhaMBoNJV6VKPgcSTxE="
    },
    "lodash": {
      "version": "https://seacspa.pkgs.visualstudio.com/_packaging/Seac.Framework.Angular/npm/registry/lodash/-/lodash-4.17.4.tgz",
      "integrity": "sha1-eCA6TRwyiuHYbcpkYONptX9AVa4="
    },
    "media-typer": {
      "version": "0.3.0",
      "resolved": "https://seacspa.pkgs.visualstudio.com/_packaging/Seac.Framework.Angular/npm/registry/media-typer/-/media-typer-0.3.0.tgz",
      "integrity": "sha1-hxDXrwqmJvj/+hzgAWhUUmMlV0g="
    },
    "merge-descriptors": {
      "version": "1.0.1",
      "resolved": "https://seacspa.pkgs.visualstudio.com/_packaging/Seac.Framework.Angular/npm/registry/merge-descriptors/-/merge-descriptors-1.0.1.tgz",
      "integrity": "sha1-sAqqVW3YtEVoFQ7J0blT8/kMu2E="
    },
    "methods": {
      "version": "1.1.2",
      "resolved": "https://seacspa.pkgs.visualstudio.com/_packaging/Seac.Framework.Angular/npm/registry/methods/-/methods-1.1.2.tgz",
      "integrity": "sha1-VSmk1nZUE07cxSZmVoNbD4Ua/O4="
    },
    "mime": {
      "version": "1.3.4",
      "resolved": "https://seacspa.pkgs.visualstudio.com/_packaging/Seac.Framework.Angular/npm/registry/mime/-/mime-1.3.4.tgz",
      "integrity": "sha1-EV+eO2s9rylZmDyzjxSaLUDrXVM="
    },
    "mime-db": {
      "version": "1.27.0",
      "resolved": "https://seacspa.pkgs.visualstudio.com/_packaging/Seac.Framework.Angular/npm/registry/mime-db/-/mime-db-1.27.0.tgz",
      "integrity": "sha1-gg9XIpa70g7CXtVeW13oaeVDbrE="
    },
    "mime-types": {
      "version": "2.1.15",
      "resolved": "https://seacspa.pkgs.visualstudio.com/_packaging/Seac.Framework.Angular/npm/registry/mime-types/-/mime-types-2.1.15.tgz",
      "integrity": "sha1-pOv1BkCUVpI3uM9wBGd20J/JKu0="
    },
    "minimatch": {
      "version": "https://seacspa.pkgs.visualstudio.com/_packaging/Seac.Framework.Angular/npm/registry/minimatch/upstream/minimatch-3.0.4.tgz",
      "integrity": "sha1-UWbihkV/AzBgZL5Ul+jbsMPTIIM="
    },
    "minimist": {
      "version": "https://seacspa.pkgs.visualstudio.com/_packaging/Seac.Framework.Angular/npm/registry/minimist/-/minimist-1.2.0.tgz",
      "integrity": "sha1-o1AIsg9BOD7sH7kU9M1d95omQoQ="
    },
    "mkdirp": {
      "version": "https://seacspa.pkgs.visualstudio.com/_packaging/Seac.Framework.Angular/npm/registry/mkdirp/-/mkdirp-0.5.1.tgz",
      "integrity": "sha1-MAV0OOrGz3+MR2fzhkjWaX11yQM=",
      "dependencies": {
        "minimist": {
          "version": "https://seacspa.pkgs.visualstudio.com/_packaging/Seac.Framework.Angular/npm/registry/minimist/-/minimist-0.0.8.tgz",
          "integrity": "sha1-hX/Kv8M5fSYluCKCYuhqp6ARsF0="
        }
      }
    },
    "mongodb": {
      "version": "2.2.26",
      "resolved": "https://seacspa.pkgs.visualstudio.com/_packaging/Seac.Framework.Angular/npm/registry/mongodb/-/mongodb-2.2.26.tgz",
      "integrity": "sha1-G9UMVXwnfJjhoF2jjJg5xJIrA0o=",
      "dependencies": {
        "readable-stream": {
          "version": "2.2.7",
          "resolved": "https://seacspa.pkgs.visualstudio.com/_packaging/Seac.Framework.Angular/npm/registry/readable-stream/-/readable-stream-2.2.7.tgz",
          "integrity": "sha1-BwV6y+JGeyIELTb5jFrVBwVOlbE="
        }
      }
    },
    "mongodb-core": {
      "version": "2.1.10",
      "resolved": "https://seacspa.pkgs.visualstudio.com/_packaging/Seac.Framework.Angular/npm/registry/mongodb-core/-/mongodb-core-2.1.10.tgz",
      "integrity": "sha1-6ykGgdGW0zRqSSFhqi6gkF5jFRs="
    },
    "morgan": {
      "version": "1.8.1",
      "resolved": "https://seacspa.pkgs.visualstudio.com/_packaging/Seac.Framework.Angular/npm/registry/morgan/-/morgan-1.8.1.tgz",
      "integrity": "sha1-+TAj04h70nt439YCPOp4ku4npLE=",
      "dependencies": {
        "debug": {
          "version": "2.6.1",
          "resolved": "https://seacspa.pkgs.visualstudio.com/_packaging/Seac.Framework.Angular/npm/registry/debug/-/debug-2.6.1.tgz",
          "integrity": "sha1-eYVQkLosTjEVzH2HaUkdWPBJE1E="
        },
        "ms": {
          "version": "0.7.2",
          "resolved": "https://seacspa.pkgs.visualstudio.com/_packaging/Seac.Framework.Angular/npm/registry/ms/-/ms-0.7.2.tgz",
          "integrity": "sha1-riXPJRKziFodldfwN4aNhDESR2U="
        }
      }
    },
    "ms": {
      "version": "2.0.0",
      "resolved": "https://seacspa.pkgs.visualstudio.com/_packaging/Seac.Framework.Angular/npm/registry/ms/-/ms-2.0.0.tgz",
      "integrity": "sha1-VgiurfwAvmwpAd9fmGF4jeDVl8g="
    },
    "negotiator": {
      "version": "0.6.1",
      "resolved": "https://seacspa.pkgs.visualstudio.com/_packaging/Seac.Framework.Angular/npm/registry/negotiator/-/negotiator-0.6.1.tgz",
      "integrity": "sha1-KzJxhOiZIQEXeyhWP7XnECrNDKk="
    },
    "object-assign": {
      "version": "https://seacspa.pkgs.visualstudio.com/_packaging/Seac.Framework.Angular/npm/registry/object-assign/-/object-assign-4.1.1.tgz",
      "integrity": "sha1-IQmtx5ZYh8/AXLvUQsrIv7s2CGM="
    },
    "on-finished": {
      "version": "2.3.0",
      "resolved": "https://seacspa.pkgs.visualstudio.com/_packaging/Seac.Framework.Angular/npm/registry/on-finished/-/on-finished-2.3.0.tgz",
      "integrity": "sha1-IPEzZIGwg811M3mSoWlxqi2QaUc="
    },
    "on-headers": {
      "version": "1.0.1",
      "resolved": "https://seacspa.pkgs.visualstudio.com/_packaging/Seac.Framework.Angular/npm/registry/on-headers/-/on-headers-1.0.1.tgz",
      "integrity": "sha1-ko9dD0cNSTQmUepnlLCFfBAGk/c="
    },
    "once": {
      "version": "https://seacspa.pkgs.visualstudio.com/_packaging/Seac.Framework.Angular/npm/registry/once/-/once-1.4.0.tgz",
      "integrity": "sha1-WDsap3WWHUsROsF9nFC6753Xa9E="
    },
    "parseurl": {
      "version": "1.3.1",
      "resolved": "https://seacspa.pkgs.visualstudio.com/_packaging/Seac.Framework.Angular/npm/registry/parseurl/-/parseurl-1.3.1.tgz",
      "integrity": "sha1-yKuMkiO6NIiKpkopeyiFO+wY2lY="
    },
    "path-is-absolute": {
      "version": "https://seacspa.pkgs.visualstudio.com/_packaging/Seac.Framework.Angular/npm/registry/path-is-absolute/-/path-is-absolute-1.0.1.tgz",
      "integrity": "sha1-F0uSaHNVNP+8es5r9TpanhtcX18="
    },
    "path-to-regexp": {
      "version": "0.1.7",
      "resolved": "https://seacspa.pkgs.visualstudio.com/_packaging/Seac.Framework.Angular/npm/registry/path-to-regexp/-/path-to-regexp-0.1.7.tgz",
      "integrity": "sha1-32BBeABfUi8V60SQ5yR6G/qmf4w="
    },
    "pify": {
      "version": "https://seacspa.pkgs.visualstudio.com/_packaging/Seac.Framework.Angular/npm/registry/pify/-/pify-2.3.0.tgz",
      "integrity": "sha1-7RQaasBDqEnqWISY59yosVMw6Qw="
    },
    "pinkie": {
      "version": "https://seacspa.pkgs.visualstudio.com/_packaging/Seac.Framework.Angular/npm/registry/pinkie/-/pinkie-2.0.4.tgz",
      "integrity": "sha1-clVrgM+g1IqXToDnckjoDtT3+HA="
    },
    "pinkie-promise": {
      "version": "https://seacspa.pkgs.visualstudio.com/_packaging/Seac.Framework.Angular/npm/registry/pinkie-promise/-/pinkie-promise-2.0.1.tgz",
      "integrity": "sha1-ITXW36ejWMBprJsXh3YogihFD/o="
    },
    "process-nextick-args": {
      "version": "https://seacspa.pkgs.visualstudio.com/_packaging/Seac.Framework.Angular/npm/registry/process-nextick-args/-/process-nextick-args-1.0.7.tgz",
      "integrity": "sha1-FQ4gt1ZZCtP5EJPyWk8q2L/zC6M="
    },
    "proxy-addr": {
      "version": "1.1.4",
      "resolved": "https://seacspa.pkgs.visualstudio.com/_packaging/Seac.Framework.Angular/npm/registry/proxy-addr/-/proxy-addr-1.1.4.tgz",
      "integrity": "sha1-J+VF9pYKRKYn2bREZ+NcG2tM4vM="
    },
    "qs": {
      "version": "6.4.0",
      "resolved": "https://seacspa.pkgs.visualstudio.com/_packaging/Seac.Framework.Angular/npm/registry/qs/-/qs-6.4.0.tgz",
      "integrity": "sha1-E+JtKK1rD/qpExLNO/cI7TUecjM="
    },
    "range-parser": {
      "version": "1.2.0",
      "resolved": "https://seacspa.pkgs.visualstudio.com/_packaging/Seac.Framework.Angular/npm/registry/range-parser/-/range-parser-1.2.0.tgz",
      "integrity": "sha1-9JvmtIeJTdxA3MlKMi9hEJLgDV4="
    },
    "raw-body": {
      "version": "2.2.0",
      "resolved": "https://seacspa.pkgs.visualstudio.com/_packaging/Seac.Framework.Angular/npm/registry/raw-body/-/raw-body-2.2.0.tgz",
      "integrity": "sha1-mUl2z2pQlqQRYoQEkvC9xdbn+5Y="
    },
    "readable-stream": {
      "version": "https://seacspa.pkgs.visualstudio.com/_packaging/Seac.Framework.Angular/npm/registry/readable-stream/upstream/readable-stream-2.2.9.tgz",
      "integrity": "sha1-z3jsb0ptHrQ9JkiMrJfwQudLf8g="
    },
    "reflect-metadata": {
      "version": "0.1.10",
      "resolved": "https://seacspa.pkgs.visualstudio.com/_packaging/Seac.Framework.Angular/npm/registry/reflect-metadata/-/reflect-metadata-0.1.10.tgz",
      "integrity": "sha1-tPg3BEFqytiZiMmxVjXUfgO5NEo="
    },
    "require_optional": {
      "version": "1.0.0",
      "resolved": "https://seacspa.pkgs.visualstudio.com/_packaging/Seac.Framework.Angular/npm/registry/require_optional/-/require_optional-1.0.0.tgz",
      "integrity": "sha1-UqhhN6hJco62ClVTNhf4+RT1mr8="
    },
    "resolve-from": {
      "version": "2.0.0",
      "resolved": "https://seacspa.pkgs.visualstudio.com/_packaging/Seac.Framework.Angular/npm/registry/resolve-from/-/resolve-from-2.0.0.tgz",
      "integrity": "sha1-lICrIOlP+h2egKgEx+oUdhGWa1c="
    },
    "rimraf": {
      "version": "2.6.1",
      "resolved": "https://registry.npmjs.org/rimraf/-/rimraf-2.6.1.tgz",
      "integrity": "sha1-wjOOxkPfeht/5cVPqG9XQopV8z0=",
      "dependencies": {
        "glob": {
          "version": "7.1.2",
          "resolved": "https://registry.npmjs.org/glob/-/glob-7.1.2.tgz",
          "integrity": "sha512-MJTUg1kjuLeQCJ+ccE4Vpa6kKVXkPYJ2mOCQyUuKLcLQsdrMCpBPUi8qVE6+YuaJkozeA9NusTAw3hLr8Xe5EQ=="
        }
      }
    },
    "rx": {
      "version": "https://seacspa.pkgs.visualstudio.com/_packaging/Seac.Framework.Angular/npm/registry/rx/-/rx-2.3.24.tgz",
      "integrity": "sha1-FPlQpCF9fjXapxu8vljv9o6ksrc="
    },
    "safe-buffer": {
      "version": "https://seacspa.pkgs.visualstudio.com/_packaging/Seac.Framework.Angular/npm/registry/safe-buffer/upstream/safe-buffer-5.0.1.tgz",
      "integrity": "sha1-0mPKVGls2KMGtcplUekt5XkY++c="
    },
    "semver": {
      "version": "5.3.0",
      "resolved": "https://seacspa.pkgs.visualstudio.com/_packaging/Seac.Framework.Angular/npm/registry/semver/-/semver-5.3.0.tgz",
      "integrity": "sha1-myzl094C0XxgEq0yaqa00M9U+U8="
    },
    "send": {
      "version": "0.15.3",
      "resolved": "https://seacspa.pkgs.visualstudio.com/_packaging/Seac.Framework.Angular/npm/registry/send/-/send-0.15.3.tgz",
      "integrity": "sha1-UBP5+ZAj31DRvZiSwZ4979HVMwk="
    },
    "serve-static": {
      "version": "1.12.3",
      "resolved": "https://seacspa.pkgs.visualstudio.com/_packaging/Seac.Framework.Angular/npm/registry/serve-static/-/serve-static-1.12.3.tgz",
      "integrity": "sha1-n0uhni8wMMVH+K+ZEHg47DjVseI="
    },
    "setprototypeof": {
      "version": "1.0.3",
      "resolved": "https://seacspa.pkgs.visualstudio.com/_packaging/Seac.Framework.Angular/npm/registry/setprototypeof/-/setprototypeof-1.0.3.tgz",
      "integrity": "sha1-ZlZ+NwQ+608E2RvWWMDL77VbjgQ="
    },
    "spawn-command": {
      "version": "https://seacspa.pkgs.visualstudio.com/_packaging/Seac.Framework.Angular/npm/registry/spawn-command/-/spawn-command-0.0.2-1.tgz",
      "integrity": "sha1-YvXpRmmBwbeW3Fkpk34RycaSG9A="
    },
    "statuses": {
      "version": "1.3.1",
      "resolved": "https://seacspa.pkgs.visualstudio.com/_packaging/Seac.Framework.Angular/npm/registry/statuses/-/statuses-1.3.1.tgz",
      "integrity": "sha1-+vUbnrdKrvOzrPStX2Gr8ky3uT4="
    },
    "string_decoder": {
      "version": "https://seacspa.pkgs.visualstudio.com/_packaging/Seac.Framework.Angular/npm/registry/string_decoder/upstream/string_decoder-1.0.1.tgz",
      "integrity": "sha1-YuIA8DmVWmgQ2N8KM//A8BNmLZg="
    },
    "strip-ansi": {
      "version": "https://seacspa.pkgs.visualstudio.com/_packaging/Seac.Framework.Angular/npm/registry/strip-ansi/-/strip-ansi-0.3.0.tgz",
      "integrity": "sha1-JfSOoiynkYfzF0pNuHWTR7sSYiA="
    },
    "supports-color": {
      "version": "https://seacspa.pkgs.visualstudio.com/_packaging/Seac.Framework.Angular/npm/registry/supports-color/-/supports-color-3.2.3.tgz",
      "integrity": "sha1-ZawFBLOVQXHYpklGsq48u4pfVPY="
    },
    "tree-kill": {
      "version": "https://seacspa.pkgs.visualstudio.com/_packaging/Seac.Framework.Angular/npm/registry/tree-kill/-/tree-kill-1.1.0.tgz",
      "integrity": "sha1-yWPc8DciiS7FnLpWnpQLcZVNFyk="
    },
    "type-is": {
      "version": "1.6.15",
      "resolved": "https://seacspa.pkgs.visualstudio.com/_packaging/Seac.Framework.Angular/npm/registry/type-is/-/type-is-1.6.15.tgz",
      "integrity": "sha1-yrEPtJCeRByChC6v4a1kbIGARBA="
    },
    "unpipe": {
      "version": "1.0.0",
      "resolved": "https://seacspa.pkgs.visualstudio.com/_packaging/Seac.Framework.Angular/npm/registry/unpipe/-/unpipe-1.0.0.tgz",
      "integrity": "sha1-sr9O6FFKrmFltIF4KdIbLvSZBOw="
    },
    "util-deprecate": {
      "version": "https://seacspa.pkgs.visualstudio.com/_packaging/Seac.Framework.Angular/npm/registry/util-deprecate/-/util-deprecate-1.0.2.tgz",
      "integrity": "sha1-RQ1Nyfpw3nMnYvvS1KKJgUGaDM8="
    },
    "utils-merge": {
      "version": "1.0.0",
      "resolved": "https://seacspa.pkgs.visualstudio.com/_packaging/Seac.Framework.Angular/npm/registry/utils-merge/-/utils-merge-1.0.0.tgz",
      "integrity": "sha1-ApT7kiu5N1FTVBxPcJYjHyh8ivg="
    },
    "vary": {
      "version": "1.1.1",
      "resolved": "https://seacspa.pkgs.visualstudio.com/_packaging/Seac.Framework.Angular/npm/registry/vary/-/vary-1.1.1.tgz",
      "integrity": "sha1-Z1Neu2lMHVIldFeYRmUyP1h+jTc="
    },
    "wrappy": {
      "version": "https://seacspa.pkgs.visualstudio.com/_packaging/Seac.Framework.Angular/npm/registry/wrappy/-/wrappy-1.0.2.tgz",
      "integrity": "sha1-tSQ9jz7BqjXxNkYFvA0QNuMKtp8="
    }
  }
}
